{
  "requires": true,
  "lockfileVersion": 1,
  "dependencies": {
    "nodemailer-plugin-inline-base64": {
      "version": "2.1.1",
      "resolved": "https://registry.npmjs.org/nodemailer-plugin-inline-base64/-/nodemailer-plugin-inline-base64-2.1.1.tgz",
      "integrity": "sha512-/cTnVq9vxZBDh5FjCOkPG5ioTs4o7flRuaqfDGLUfa5yeSMR21OW8hgWJIGuCHgcXmN5QHbR8IeujJeeOzi7uQ=="
    }
  }
}
